// !$*UTF8*$!
{
	archiveVersion = 1;
	classes = {
	};
	objectVersion = 46;
	objects = {

/* Begin PBXBuildFile section */
		B041AD6D18416A6100A7F42F /* Foundation.framework in Frameworks */ = {isa = PBXBuildFile; fileRef = B041AD6C18416A6100A7F42F /* Foundation.framework */; };
		B041AD6F18416A6100A7F42F /* CoreGraphics.framework in Frameworks */ = {isa = PBXBuildFile; fileRef = B041AD6E18416A6100A7F42F /* CoreGraphics.framework */; };
		B041AD7118416A6100A7F42F /* UIKit.framework in Frameworks */ = {isa = PBXBuildFile; fileRef = B041AD7018416A6100A7F42F /* UIKit.framework */; };
		B041AD7718416A6100A7F42F /* InfoPlist.strings in Resources */ = {isa = PBXBuildFile; fileRef = B041AD7518416A6100A7F42F /* InfoPlist.strings */; };
		B041AD7918416A6100A7F42F /* main.m in Sources */ = {isa = PBXBuildFile; fileRef = B041AD7818416A6100A7F42F /* main.m */; };
		B041AD7D18416A6100A7F42F /* AppDelegate.m in Sources */ = {isa = PBXBuildFile; fileRef = B041AD7C18416A6100A7F42F /* AppDelegate.m */; };
		B041AD8018416A6100A7F42F /* Main_iPhone.storyboard in Resources */ = {isa = PBXBuildFile; fileRef = B041AD7E18416A6100A7F42F /* Main_iPhone.storyboard */; };
		B041AD8318416A6100A7F42F /* Main_iPad.storyboard in Resources */ = {isa = PBXBuildFile; fileRef = B041AD8118416A6100A7F42F /* Main_iPad.storyboard */; };
		B041AD8618416A6100A7F42F /* FirstViewController.m in Sources */ = {isa = PBXBuildFile; fileRef = B041AD8518416A6100A7F42F /* FirstViewController.m */; };
		B041AD8918416A6100A7F42F /* SecondViewController.m in Sources */ = {isa = PBXBuildFile; fileRef = B041AD8818416A6100A7F42F /* SecondViewController.m */; };
		B041AD8B18416A6100A7F42F /* Images.xcassets in Resources */ = {isa = PBXBuildFile; fileRef = B041AD8A18416A6100A7F42F /* Images.xcassets */; };
		B041AD9218416A6100A7F42F /* XCTest.framework in Frameworks */ = {isa = PBXBuildFile; fileRef = B041AD9118416A6100A7F42F /* XCTest.framework */; };
		B041AD9318416A6100A7F42F /* Foundation.framework in Frameworks */ = {isa = PBXBuildFile; fileRef = B041AD6C18416A6100A7F42F /* Foundation.framework */; };
		B041AD9418416A6100A7F42F /* UIKit.framework in Frameworks */ = {isa = PBXBuildFile; fileRef = B041AD7018416A6100A7F42F /* UIKit.framework */; };
		B041AD9C18416A6100A7F42F /* InfoPlist.strings in Resources */ = {isa = PBXBuildFile; fileRef = B041AD9A18416A6100A7F42F /* InfoPlist.strings */; };
		B041AD9E18416A6100A7F42F /* ImageDiaryTests.m in Sources */ = {isa = PBXBuildFile; fileRef = B041AD9D18416A6100A7F42F /* ImageDiaryTests.m */; };
/* End PBXBuildFile section */

/* Begin PBXContainerItemProxy section */
		B041AD9518416A6100A7F42F /* PBXContainerItemProxy */ = {
			isa = PBXContainerItemProxy;
			containerPortal = B041AD6118416A6000A7F42F /* Project object */;
			proxyType = 1;
			remoteGlobalIDString = B041AD6818416A6100A7F42F;
			remoteInfo = ImageDiary;
		};
/* End PBXContainerItemProxy section */

/* Begin PBXFileReference section */
		B041AD6918416A6100A7F42F /* ImageDiary.app */ = {isa = PBXFileReference; explicitFileType = wrapper.application; includeInIndex = 0; path = ImageDiary.app; sourceTree = BUILT_PRODUCTS_DIR; };
		B041AD6C18416A6100A7F42F /* Foundation.framework */ = {isa = PBXFileReference; lastKnownFileType = wrapper.framework; name = Foundation.framework; path = System/Library/Frameworks/Foundation.framework; sourceTree = SDKROOT; };
		B041AD6E18416A6100A7F42F /* CoreGraphics.framework */ = {isa = PBXFileReference; lastKnownFileType = wrapper.framework; name = CoreGraphics.framework; path = System/Library/Frameworks/CoreGraphics.framework; sourceTree = SDKROOT; };
		B041AD7018416A6100A7F42F /* UIKit.framework */ = {isa = PBXFileReference; lastKnownFileType = wrapper.framework; name = UIKit.framework; path = System/Library/Frameworks/UIKit.framework; sourceTree = SDKROOT; };
		B041AD7418416A6100A7F42F /* ImageDiary-Info.plist */ = {isa = PBXFileReference; lastKnownFileType = text.plist.xml; path = "ImageDiary-Info.plist"; sourceTree = "<group>"; };
		B041AD7618416A6100A7F42F /* en */ = {isa = PBXFileReference; lastKnownFileType = text.plist.strings; name = en; path = en.lproj/InfoPlist.strings; sourceTree = "<group>"; };
		B041AD7818416A6100A7F42F /* main.m */ = {isa = PBXFileReference; lastKnownFileType = sourcecode.c.objc; path = main.m; sourceTree = "<group>"; };
		B041AD7A18416A6100A7F42F /* ImageDiary-Prefix.pch */ = {isa = PBXFileReference; lastKnownFileType = sourcecode.c.h; path = "ImageDiary-Prefix.pch"; sourceTree = "<group>"; };
		B041AD7B18416A6100A7F42F /* AppDelegate.h */ = {isa = PBXFileReference; lastKnownFileType = sourcecode.c.h; path = AppDelegate.h; sourceTree = "<group>"; };
		B041AD7C18416A6100A7F42F /* AppDelegate.m */ = {isa = PBXFileReference; lastKnownFileType = sourcecode.c.objc; path = AppDelegate.m; sourceTree = "<group>"; };
		B041AD7F18416A6100A7F42F /* Base */ = {isa = PBXFileReference; lastKnownFileType = file.storyboard; name = Base; path = Base.lproj/Main_iPhone.storyboard; sourceTree = "<group>"; };
		B041AD8218416A6100A7F42F /* Base */ = {isa = PBXFileReference; lastKnownFileType = file.storyboard; name = Base; path = Base.lproj/Main_iPad.storyboard; sourceTree = "<group>"; };
		B041AD8418416A6100A7F42F /* FirstViewController.h */ = {isa = PBXFileReference; lastKnownFileType = sourcecode.c.h; path = FirstViewController.h; sourceTree = "<group>"; };
		B041AD8518416A6100A7F42F /* FirstViewController.m */ = {isa = PBXFileReference; lastKnownFileType = sourcecode.c.objc; path = FirstViewController.m; sourceTree = "<group>"; };
		B041AD8718416A6100A7F42F /* SecondViewController.h */ = {isa = PBXFileReference; lastKnownFileType = sourcecode.c.h; path = SecondViewController.h; sourceTree = "<group>"; };
		B041AD8818416A6100A7F42F /* SecondViewController.m */ = {isa = PBXFileReference; lastKnownFileType = sourcecode.c.objc; path = SecondViewController.m; sourceTree = "<group>"; };
		B041AD8A18416A6100A7F42F /* Images.xcassets */ = {isa = PBXFileReference; lastKnownFileType = folder.assetcatalog; path = Images.xcassets; sourceTree = "<group>"; };
		B041AD9018416A6100A7F42F /* ImageDiaryTests.xctest */ = {isa = PBXFileReference; explicitFileType = wrapper.cfbundle; includeInIndex = 0; path = ImageDiaryTests.xctest; sourceTree = BUILT_PRODUCTS_DIR; };
		B041AD9118416A6100A7F42F /* XCTest.framework */ = {isa = PBXFileReference; lastKnownFileType = wrapper.framework; name = XCTest.framework; path = Library/Frameworks/XCTest.framework; sourceTree = DEVELOPER_DIR; };
		B041AD9918416A6100A7F42F /* ImageDiaryTests-Info.plist */ = {isa = PBXFileReference; lastKnownFileType = text.plist.xml; path = "ImageDiaryTests-Info.plist"; sourceTree = "<group>"; };
		B041AD9B18416A6100A7F42F /* en */ = {isa = PBXFileReference; lastKnownFileType = text.plist.strings; name = en; path = en.lproj/InfoPlist.strings; sourceTree = "<group>"; };
		B041AD9D18416A6100A7F42F /* ImageDiaryTests.m */ = {isa = PBXFileReference; lastKnownFileType = sourcecode.c.objc; path = ImageDiaryTests.m; sourceTree = "<group>"; };
/* End PBXFileReference section */

/* Begin PBXFrameworksBuildPhase section */
		B041AD6618416A6100A7F42F /* Frameworks */ = {
			isa = PBXFrameworksBuildPhase;
			buildActionMask = 2147483647;
			files = (
				B041AD6F18416A6100A7F42F /* CoreGraphics.framework in Frameworks */,
				B041AD7118416A6100A7F42F /* UIKit.framework in Frameworks */,
				B041AD6D18416A6100A7F42F /* Foundation.framework in Frameworks */,
			);
			runOnlyForDeploymentPostprocessing = 0;
		};
		B041AD8D18416A6100A7F42F /* Frameworks */ = {
			isa = PBXFrameworksBuildPhase;
			buildActionMask = 2147483647;
			files = (
				B041AD9218416A6100A7F42F /* XCTest.framework in Frameworks */,
				B041AD9418416A6100A7F42F /* UIKit.framework in Frameworks */,
				B041AD9318416A6100A7F42F /* Foundation.framework in Frameworks */,
			);
			runOnlyForDeploymentPostprocessing = 0;
		};
/* End PBXFrameworksBuildPhase section */

/* Begin PBXGroup section */
		B041AD6018416A6000A7F42F = {
			isa = PBXGroup;
			children = (
				B041AD7218416A6100A7F42F /* ImageDiary */,
				B041AD9718416A6100A7F42F /* ImageDiaryTests */,
				B041AD6B18416A6100A7F42F /* Frameworks */,
				B041AD6A18416A6100A7F42F /* Products */,
			);
			sourceTree = "<group>";
		};
		B041AD6A18416A6100A7F42F /* Products */ = {
			isa = PBXGroup;
			children = (
				B041AD6918416A6100A7F42F /* ImageDiary.app */,
				B041AD9018416A6100A7F42F /* ImageDiaryTests.xctest */,
			);
			name = Products;
			sourceTree = "<group>";
		};
		B041AD6B18416A6100A7F42F /* Frameworks */ = {
			isa = PBXGroup;
			children = (
				B041AD6C18416A6100A7F42F /* Foundation.framework */,
				B041AD6E18416A6100A7F42F /* CoreGraphics.framework */,
				B041AD7018416A6100A7F42F /* UIKit.framework */,
				B041AD9118416A6100A7F42F /* XCTest.framework */,
			);
			name = Frameworks;
			sourceTree = "<group>";
		};
		B041AD7218416A6100A7F42F /* ImageDiary */ = {
			isa = PBXGroup;
			children = (
				B041AD7B18416A6100A7F42F /* AppDelegate.h */,
				B041AD7C18416A6100A7F42F /* AppDelegate.m */,
				B041AD7E18416A6100A7F42F /* Main_iPhone.storyboard */,
				B041AD8118416A6100A7F42F /* Main_iPad.storyboard */,
				B041AD8418416A6100A7F42F /* FirstViewController.h */,
				B041AD8518416A6100A7F42F /* FirstViewController.m */,
				B041AD8718416A6100A7F42F /* SecondViewController.h */,
				B041AD8818416A6100A7F42F /* SecondViewController.m */,
				B041AD8A18416A6100A7F42F /* Images.xcassets */,
				B041AD7318416A6100A7F42F /* Supporting Files */,
			);
			path = ImageDiary;
			sourceTree = "<group>";
		};
		B041AD7318416A6100A7F42F /* Supporting Files */ = {
			isa = PBXGroup;
			children = (
				B041AD7418416A6100A7F42F /* ImageDiary-Info.plist */,
				B041AD7518416A6100A7F42F /* InfoPlist.strings */,
				B041AD7818416A6100A7F42F /* main.m */,
				B041AD7A18416A6100A7F42F /* ImageDiary-Prefix.pch */,
			);
			name = "Supporting Files";
			sourceTree = "<group>";
		};
		B041AD9718416A6100A7F42F /* ImageDiaryTests */ = {
			isa = PBXGroup;
			children = (
				B041AD9D18416A6100A7F42F /* ImageDiaryTests.m */,
				B041AD9818416A6100A7F42F /* Supporting Files */,
			);
			path = ImageDiaryTests;
			sourceTree = "<group>";
		};
		B041AD9818416A6100A7F42F /* Supporting Files */ = {
			isa = PBXGroup;
			children = (
				B041AD9918416A6100A7F42F /* ImageDiaryTests-Info.plist */,
				B041AD9A18416A6100A7F42F /* InfoPlist.strings */,
			);
			name = "Supporting Files";
			sourceTree = "<group>";
		};
/* End PBXGroup section */

/* Begin PBXNativeTarget section */
		B041AD6818416A6100A7F42F /* ImageDiary */ = {
			isa = PBXNativeTarget;
			buildConfigurationList = B041ADA118416A6100A7F42F /* Build configuration list for PBXNativeTarget "ImageDiary" */;
			buildPhases = (
				B041AD6518416A6100A7F42F /* Sources */,
				B041AD6618416A6100A7F42F /* Frameworks */,
				B041AD6718416A6100A7F42F /* Resources */,
			);
			buildRules = (
			);
			dependencies = (
			);
			name = ImageDiary;
			productName = ImageDiary;
			productReference = B041AD6918416A6100A7F42F /* ImageDiary.app */;
			productType = "com.apple.product-type.application";
		};
		B041AD8F18416A6100A7F42F /* ImageDiaryTests */ = {
			isa = PBXNativeTarget;
			buildConfigurationList = B041ADA418416A6100A7F42F /* Build configuration list for PBXNativeTarget "ImageDiaryTests" */;
			buildPhases = (
				B041AD8C18416A6100A7F42F /* Sources */,
				B041AD8D18416A6100A7F42F /* Frameworks */,
				B041AD8E18416A6100A7F42F /* Resources */,
			);
			buildRules = (
			);
			dependencies = (
				B041AD9618416A6100A7F42F /* PBXTargetDependency */,
			);
			name = ImageDiaryTests;
			productName = ImageDiaryTests;
			productReference = B041AD9018416A6100A7F42F /* ImageDiaryTests.xctest */;
			productType = "com.apple.product-type.bundle.unit-test";
		};
/* End PBXNativeTarget section */

/* Begin PBXProject section */
		B041AD6118416A6000A7F42F /* Project object */ = {
			isa = PBXProject;
			attributes = {
				LastUpgradeCheck = 0500;
				ORGANIZATIONNAME = BoC;
				TargetAttributes = {
					B041AD8F18416A6100A7F42F = {
						TestTargetID = B041AD6818416A6100A7F42F;
					};
				};
			};
			buildConfigurationList = B041AD6418416A6100A7F42F /* Build configuration list for PBXProject "ImageDiary" */;
			compatibilityVersion = "Xcode 3.2";
			developmentRegion = English;
			hasScannedForEncodings = 0;
			knownRegions = (
				en,
				Base,
			);
			mainGroup = B041AD6018416A6000A7F42F;
			productRefGroup = B041AD6A18416A6100A7F42F /* Products */;
			projectDirPath = "";
			projectRoot = "";
			targets = (
				B041AD6818416A6100A7F42F /* ImageDiary */,
				B041AD8F18416A6100A7F42F /* ImageDiaryTests */,
			);
		};
/* End PBXProject section */

/* Begin PBXResourcesBuildPhase section */
		B041AD6718416A6100A7F42F /* Resources */ = {
			isa = PBXResourcesBuildPhase;
			buildActionMask = 2147483647;
			files = (
				B041AD8318416A6100A7F42F /* Main_iPad.storyboard in Resources */,
				B041AD8B18416A6100A7F42F /* Images.xcassets in Resources */,
				B041AD8018416A6100A7F42F /* Main_iPhone.storyboard in Resources */,
				B041AD7718416A6100A7F42F /* InfoPlist.strings in Resources */,
			);
			runOnlyForDeploymentPostprocessing = 0;
		};
		B041AD8E18416A6100A7F42F /* Resources */ = {
			isa = PBXResourcesBuildPhase;
			buildActionMask = 2147483647;
			files = (
				B041AD9C18416A6100A7F42F /* InfoPlist.strings in Resources */,
			);
			runOnlyForDeploymentPostprocessing = 0;
		};
/* End PBXResourcesBuildPhase section */

/* Begin PBXSourcesBuildPhase section */
		B041AD6518416A6100A7F42F /* Sources */ = {
			isa = PBXSourcesBuildPhase;
			buildActionMask = 2147483647;
			files = (
				B041AD8918416A6100A7F42F /* SecondViewController.m in Sources */,
				B041AD7D18416A6100A7F42F /* AppDelegate.m in Sources */,
				B041AD8618416A6100A7F42F /* FirstViewController.m in Sources */,
				B041AD7918416A6100A7F42F /* main.m in Sources */,
			);
			runOnlyForDeploymentPostprocessing = 0;
		};
		B041AD8C18416A6100A7F42F /* Sources */ = {
			isa = PBXSourcesBuildPhase;
			buildActionMask = 2147483647;
			files = (
				B041AD9E18416A6100A7F42F /* ImageDiaryTests.m in Sources */,
			);
			runOnlyForDeploymentPostprocessing = 0;
		};
/* End PBXSourcesBuildPhase section */

/* Begin PBXTargetDependency section */
		B041AD9618416A6100A7F42F /* PBXTargetDependency */ = {
			isa = PBXTargetDependency;
			target = B041AD6818416A6100A7F42F /* ImageDiary */;
			targetProxy = B041AD9518416A6100A7F42F /* PBXContainerItemProxy */;
		};
/* End PBXTargetDependency section */

/* Begin PBXVariantGroup section */
		B041AD7518416A6100A7F42F /* InfoPlist.strings */ = {
			isa = PBXVariantGroup;
			children = (
				B041AD7618416A6100A7F42F /* en */,
			);
			name = InfoPlist.strings;
			sourceTree = "<group>";
		};
		B041AD7E18416A6100A7F42F /* Main_iPhone.storyboard */ = {
			isa = PBXVariantGroup;
			children = (
				B041AD7F18416A6100A7F42F /* Base */,
			);
			name = Main_iPhone.storyboard;
			sourceTree = "<group>";
		};
		B041AD8118416A6100A7F42F /* Main_iPad.storyboard */ = {
			isa = PBXVariantGroup;
			children = (
				B041AD8218416A6100A7F42F /* Base */,
			);
			name = Main_iPad.storyboard;
			sourceTree = "<group>";
		};
		B041AD9A18416A6100A7F42F /* InfoPlist.strings */ = {
			isa = PBXVariantGroup;
			children = (
				B041AD9B18416A6100A7F42F /* en */,
			);
			name = InfoPlist.strings;
			sourceTree = "<group>";
		};
/* End PBXVariantGroup section */

/* Begin XCBuildConfiguration section */
		B041AD9F18416A6100A7F42F /* Debug */ = {
			isa = XCBuildConfiguration;
			buildSettings = {
				ALWAYS_SEARCH_USER_PATHS = NO;
				ARCHS = "$(ARCHS_STANDARD_INCLUDING_64_BIT)";
				CLANG_CXX_LANGUAGE_STANDARD = "gnu++0x";
				CLANG_CXX_LIBRARY = "libc++";
				CLANG_ENABLE_MODULES = YES;
				CLANG_ENABLE_OBJC_ARC = YES;
				CLANG_WARN_BOOL_CONVERSION = YES;
				CLANG_WARN_CONSTANT_CONVERSION = YES;
				CLANG_WARN_DIRECT_OBJC_ISA_USAGE = YES_ERROR;
				CLANG_WARN_EMPTY_BODY = YES;
				CLANG_WARN_ENUM_CONVERSION = YES;
				CLANG_WARN_INT_CONVERSION = YES;
				CLANG_WARN_OBJC_ROOT_CLASS = YES_ERROR;
				CLANG_WARN__DUPLICATE_METHOD_MATCH = YES;
				"CODE_SIGN_IDENTITY[sdk=iphoneos*]" = "iPhone Developer";
				COPY_PHASE_STRIP = NO;
				GCC_C_LANGUAGE_STANDARD = gnu99;
				GCC_DYNAMIC_NO_PIC = NO;
				GCC_OPTIMIZATION_LEVEL = 0;
				GCC_PREPROCESSOR_DEFINITIONS = (
					"DEBUG=1",
					"$(inherited)",
				);
				GCC_SYMBOLS_PRIVATE_EXTERN = NO;
				GCC_WARN_64_TO_32_BIT_CONVERSION = YES;
				GCC_WARN_ABOUT_RETURN_TYPE = YES_ERROR;
				GCC_WARN_UNDECLARED_SELECTOR = YES;
				GCC_WARN_UNINITIALIZED_AUTOS = YES;
				GCC_WARN_UNUSED_FUNCTION = YES;
				GCC_WARN_UNUSED_VARIABLE = YES;
				IPHONEOS_DEPLOYMENT_TARGET = 7.0;
				ONLY_ACTIVE_ARCH = YES;
				SDKROOT = iphoneos;
				TARGETED_DEVICE_FAMILY = "1,2";
			};
			name = Debug;
		};
		B041ADA018416A6100A7F42F /* Release */ = {
			isa = XCBuildConfiguration;
			buildSettings = {
				ALWAYS_SEARCH_USER_PATHS = NO;
				ARCHS = "$(ARCHS_STANDARD_INCLUDING_64_BIT)";
				CLANG_CXX_LANGUAGE_STANDARD = "gnu++0x";
				CLANG_CXX_LIBRARY = "libc++";
				CLANG_ENABLE_MODULES = YES;
				CLANG_ENABLE_OBJC_ARC = YES;
				CLANG_WARN_BOOL_CONVERSION = YES;
				CLANG_WARN_CONSTANT_CONVERSION = YES;
				CLANG_WARN_DIRECT_OBJC_ISA_USAGE = YES_ERROR;
				CLANG_WARN_EMPTY_BODY = YES;
				CLANG_WARN_ENUM_CONVERSION = YES;
				CLANG_WARN_INT_CONVERSION = YES;
				CLANG_WARN_OBJC_ROOT_CLASS = YES_ERROR;
				CLANG_WARN__DUPLICATE_METHOD_MATCH = YES;
				"CODE_SIGN_IDENTITY[sdk=iphoneos*]" = "iPhone Developer";
				COPY_PHASE_STRIP = YES;
				ENABLE_NS_ASSERTIONS = NO;
				GCC_C_LANGUAGE_STANDARD = gnu99;
				GCC_WARN_64_TO_32_BIT_CONVERSION = YES;
				GCC_WARN_ABOUT_RETURN_TYPE = YES_ERROR;
				GCC_WARN_UNDECLARED_SELECTOR = YES;
				GCC_WARN_UNINITIALIZED_AUTOS = YES;
				GCC_WARN_UNUSED_FUNCTION = YES;
				GCC_WARN_UNUSED_VARIABLE = YES;
				IPHONEOS_DEPLOYMENT_TARGET = 7.0;
				SDKROOT = iphoneos;
				TARGETED_DEVICE_FAMILY = "1,2";
				VALIDATE_PRODUCT = YES;
			};
			name = Release;
		};
		B041ADA218416A6100A7F42F /* Debug */ = {
			isa = XCBuildConfiguration;
			buildSettings = {
				ASSETCATALOG_COMPILER_APPICON_NAME = AppIcon;
				ASSETCATALOG_COMPILER_LAUNCHIMAGE_NAME = LaunchImage;
				GCC_PRECOMPILE_PREFIX_HEADER = YES;
				GCC_PREFIX_HEADER = "ImageDiary/ImageDiary-Prefix.pch";
				INFOPLIST_FILE = "ImageDiary/ImageDiary-Info.plist";
				PRODUCT_NAME = "$(TARGET_NAME)";
				WRAPPER_EXTENSION = app;
			};
			name = Debug;
		};
		B041ADA318416A6100A7F42F /* Release */ = {
			isa = XCBuildConfiguration;
			buildSettings = {
				ASSETCATALOG_COMPILER_APPICON_NAME = AppIcon;
				ASSETCATALOG_COMPILER_LAUNCHIMAGE_NAME = LaunchImage;
				GCC_PRECOMPILE_PREFIX_HEADER = YES;
				GCC_PREFIX_HEADER = "ImageDiary/ImageDiary-Prefix.pch";
				INFOPLIST_FILE = "ImageDiary/ImageDiary-Info.plist";
				PRODUCT_NAME = "$(TARGET_NAME)";
				WRAPPER_EXTENSION = app;
			};
			name = Release;
		};
		B041ADA518416A6100A7F42F /* Debug */ = {
			isa = XCBuildConfiguration;
			buildSettings = {
				ARCHS = "$(ARCHS_STANDARD_INCLUDING_64_BIT)";
				BUNDLE_LOADER = "$(BUILT_PRODUCTS_DIR)/ImageDiary.app/ImageDiary";
				FRAMEWORK_SEARCH_PATHS = (
					"$(SDKROOT)/Developer/Library/Frameworks",
					"$(inherited)",
					"$(DEVELOPER_FRAMEWORKS_DIR)",
				);
				GCC_PRECOMPILE_PREFIX_HEADER = YES;
				GCC_PREFIX_HEADER = "ImageDiary/ImageDiary-Prefix.pch";
				GCC_PREPROCESSOR_DEFINITIONS = (
					"DEBUG=1",
					"$(inherited)",
				);
				INFOPLIST_FILE = "ImageDiaryTests/ImageDiaryTests-Info.plist";
				PRODUCT_NAME = "$(TARGET_NAME)";
				TEST_HOST = "$(BUNDLE_LOADER)";
				WRAPPER_EXTENSION = xctest;
			};
			name = Debug;
		};
		B041ADA618416A6100A7F42F /* Release */ = {
			isa = XCBuildConfiguration;
			buildSettings = {
				ARCHS = "$(ARCHS_STANDARD_INCLUDING_64_BIT)";
				BUNDLE_LOADER = "$(BUILT_PRODUCTS_DIR)/ImageDiary.app/ImageDiary";
				FRAMEWORK_SEARCH_PATHS = (
					"$(SDKROOT)/Developer/Library/Frameworks",
					"$(inherited)",
					"$(DEVELOPER_FRAMEWORKS_DIR)",
				);
				GCC_PRECOMPILE_PREFIX_HEADER = YES;
				GCC_PREFIX_HEADER = "ImageDiary/ImageDiary-Prefix.pch";
				INFOPLIST_FILE = "ImageDiaryTests/ImageDiaryTests-Info.plist";
				PRODUCT_NAME = "$(TARGET_NAME)";
				TEST_HOST = "$(BUNDLE_LOADER)";
				WRAPPER_EXTENSION = xctest;
			};
			name = Release;
		};
/* End XCBuildConfiguration section */

/* Begin XCConfigurationList section */
		B041AD6418416A6100A7F42F /* Build configuration list for PBXProject "ImageDiary" */ = {
			isa = XCConfigurationList;
			buildConfigurations = (
				B041AD9F18416A6100A7F42F /* Debug */,
				B041ADA018416A6100A7F42F /* Release */,
			);
			defaultConfigurationIsVisible = 0;
			defaultConfigurationName = Release;
		};
		B041ADA118416A6100A7F42F /* Build configuration list for PBXNativeTarget "ImageDiary" */ = {
			isa = XCConfigurationList;
			buildConfigurations = (
				B041ADA218416A6100A7F42F /* Debug */,
				B041ADA318416A6100A7F42F /* Release */,
			);
			defaultConfigurationIsVisible = 0;
		};
		B041ADA418416A6100A7F42F /* Build configuration list for PBXNativeTarget "ImageDiaryTests" */ = {
			isa = XCConfigurationList;
			buildConfigurations = (
				B041ADA518416A6100A7F42F /* Debug */,
				B041ADA618416A6100A7F42F /* Release */,
			);
			defaultConfigurationIsVisible = 0;
		};
/* End XCConfigurationList section */
	};
	rootObject = B041AD6118416A6000A7F42F /* Project object */;
}
